
Microsoft Visual Studio Solution File, Format Version 12.00
# Visual Studio Version 17
VisualStudioVersion = 17.0.31903.59
MinimumVisualStudioVersion = 10.0.40219.1
Project("{2150E333-8FDC-42A3-9474-1A3956D46DE8}") = "src", "src", "{827E0CD3-B72D-47B6-A68D-7590B98EB39B}"
EndProject
Project("{2150E333-8FDC-42A3-9474-1A3956D46DE8}") = "1.Core", "1.Core", "{603DB080-B2F3-179A-9D8D-4EAC9A4BF7F9}"
EndProject
Project("{FAE04EC0-301F-11D3-BF4B-00C04F79EFBC}") = "School.Domain", "src\1.Core\School.Domain\School.Domain.csproj", "{FF18AEB7-BE18-41B2-A86D-5CEBE6C5D0A8}"
EndProject
Project("{FAE04EC0-301F-11D3-BF4B-00C04F79EFBC}") = "School.Application", "src\1.Core\School.Application\School.Application.csproj", "{F005ADAA-AF3C-4FA5-B9D7-EDC5AEEE9014}"
EndProject
Project("{2150E333-8FDC-42A3-9474-1A3956D46DE8}") = "2.Infrastructure", "2.Infrastructure", "{288078A1-C3D6-82C6-9A39-36FC4A580AFF}"
EndProject
Project("{FAE04EC0-301F-11D3-BF4B-00C04F79EFBC}") = "School.Infrastructure", "src\2.Infrastructure\School.Infrastructure\School.Infrastructure.csproj", "{AB87EF33-EE6A-4C07-B075-3D267913EE95}"
EndProject
Project("{2150E333-8FDC-42A3-9474-1A3956D46DE8}") = "3.Presentation", "3.Presentation", "{B5A064D8-4F80-4BF2-59A7-85C3CC9C1104}"
EndProject
Project("{FAE04EC0-301F-11D3-BF4B-00C04F79EFBC}") = "School.Api", "src\3.Presentation\School.Api\School.Api.csproj", "{79229A28-F1B6-4364-BCA0-338006D76394}"
EndProject
Global
	GlobalSection(SolutionConfigurationPlatforms) = preSolution
		Debug|Any CPU = Debug|Any CPU
		Debug|x64 = Debug|x64
		Debug|x86 = Debug|x86
		Release|Any CPU = Release|Any CPU
		Release|x64 = Release|x64
		Release|x86 = Release|x86
	EndGlobalSection
	GlobalSection(ProjectConfigurationPlatforms) = postSolution
		{FF18AEB7-BE18-41B2-A86D-5CEBE6C5D0A8}.Debug|Any CPU.ActiveCfg = Debug|Any CPU
		{FF18AEB7-BE18-41B2-A86D-5CEBE6C5D0A8}.Debug|Any CPU.Build.0 = Debug|Any CPU
		{FF18AEB7-BE18-41B2-A86D-5CEBE6C5D0A8}.Debug|x64.ActiveCfg = Debug|Any CPU
		{FF18AEB7-BE18-41B2-A86D-5CEBE6C5D0A8}.Debug|x64.Build.0 = Debug|Any CPU
		{FF18AEB7-BE18-41B2-A86D-5CEBE6C5D0A8}.Debug|x86.ActiveCfg = Debug|Any CPU
		{FF18AEB7-BE18-41B2-A86D-5CEBE6C5D0A8}.Debug|x86.Build.0 = Debug|Any CPU
		{FF18AEB7-BE18-41B2-A86D-5CEBE6C5D0A8}.Release|Any CPU.ActiveCfg = Release|Any CPU
		{FF18AEB7-BE18-41B2-A86D-5CEBE6C5D0A8}.Release|Any CPU.Build.0 = Release|Any CPU
		{FF18AEB7-BE18-41B2-A86D-5CEBE6C5D0A8}.Release|x64.ActiveCfg = Release|Any CPU
		{FF18AEB7-BE18-41B2-A86D-5CEBE6C5D0A8}.Release|x64.Build.0 = Release|Any CPU
		{FF18AEB7-BE18-41B2-A86D-5CEBE6C5D0A8}.Release|x86.ActiveCfg = Release|Any CPU
		{FF18AEB7-BE18-41B2-A86D-5CEBE6C5D0A8}.Release|x86.Build.0 = Release|Any CPU
		{F005ADAA-AF3C-4FA5-B9D7-EDC5AEEE9014}.Debug|Any CPU.ActiveCfg = Debug|Any CPU
		{F005ADAA-AF3C-4FA5-B9D7-EDC5AEEE9014}.Debug|Any CPU.Build.0 = Debug|Any CPU
		{F005ADAA-AF3C-4FA5-B9D7-EDC5AEEE9014}.Debug|x64.ActiveCfg = Debug|Any CPU
		{F005ADAA-AF3C-4FA5-B9D7-EDC5AEEE9014}.Debug|x64.Build.0 = Debug|Any CPU
		{F005ADAA-AF3C-4FA5-B9D7-EDC5AEEE9014}.Debug|x86.ActiveCfg = Debug|Any CPU
		{F005ADAA-AF3C-4FA5-B9D7-EDC5AEEE9014}.Debug|x86.Build.0 = Debug|Any CPU
		{F005ADAA-AF3C-4FA5-B9D7-EDC5AEEE9014}.Release|Any CPU.ActiveCfg = Release|Any CPU
		{F005ADAA-AF3C-4FA5-B9D7-EDC5AEEE9014}.Release|Any CPU.Build.0 = Release|Any CPU
		{F005ADAA-AF3C-4FA5-B9D7-EDC5AEEE9014}.Release|x64.ActiveCfg = Release|Any CPU
		{F005ADAA-AF3C-4FA5-B9D7-EDC5AEEE9014}.Release|x64.Build.0 = Release|Any CPU
		{F005ADAA-AF3C-4FA5-B9D7-EDC5AEEE9014}.Release|x86.ActiveCfg = Release|Any CPU
		{F005ADAA-AF3C-4FA5-B9D7-EDC5AEEE9014}.Release|x86.Build.0 = Release|Any CPU
		{AB87EF33-EE6A-4C07-B075-3D267913EE95}.Debug|Any CPU.ActiveCfg = Debug|Any CPU
		{AB87EF33-EE6A-4C07-B075-3D267913EE95}.Debug|Any CPU.Build.0 = Debug|Any CPU
		{AB87EF33-EE6A-4C07-B075-3D267913EE95}.Debug|x64.ActiveCfg = Debug|Any CPU
		{AB87EF33-EE6A-4C07-B075-3D267913EE95}.Debug|x64.Build.0 = Debug|Any CPU
		{AB87EF33-EE6A-4C07-B075-3D267913EE95}.Debug|x86.ActiveCfg = Debug|Any CPU
		{AB87EF33-EE6A-4C07-B075-3D267913EE95}.Debug|x86.Build.0 = Debug|Any CPU
		{AB87EF33-EE6A-4C07-B075-3D267913EE95}.Release|Any CPU.ActiveCfg = Release|Any CPU
		{AB87EF33-EE6A-4C07-B075-3D267913EE95}.Release|Any CPU.Build.0 = Release|Any CPU
		{AB87EF33-EE6A-4C07-B075-3D267913EE95}.Release|x64.ActiveCfg = Release|Any CPU
		{AB87EF33-EE6A-4C07-B075-3D267913EE95}.Release|x64.Build.0 = Release|Any CPU
		{AB87EF33-EE6A-4C07-B075-3D267913EE95}.Release|x86.ActiveCfg = Release|Any CPU
		{AB87EF33-EE6A-4C07-B075-3D267913EE95}.Release|x86.Build.0 = Release|Any CPU
		{79229A28-F1B6-4364-BCA0-338006D76394}.Debug|Any CPU.ActiveCfg = Debug|Any CPU
		{79229A28-F1B6-4364-BCA0-338006D76394}.Debug|Any CPU.Build.0 = Debug|Any CPU
		{79229A28-F1B6-4364-BCA0-338006D76394}.Debug|x64.ActiveCfg = Debug|Any CPU
		{79229A28-F1B6-4364-BCA0-338006D76394}.Debug|x64.Build.0 = Debug|Any CPU
		{79229A28-F1B6-4364-BCA0-338006D76394}.Debug|x86.ActiveCfg = Debug|Any CPU
		{79229A28-F1B6-4364-BCA0-338006D76394}.Debug|x86.Build.0 = Debug|Any CPU
		{79229A28-F1B6-4364-BCA0-338006D76394}.Release|Any CPU.ActiveCfg = Release|Any CPU
		{79229A28-F1B6-4364-BCA0-338006D76394}.Release|Any CPU.Build.0 = Release|Any CPU
		{79229A28-F1B6-4364-BCA0-338006D76394}.Release|x64.ActiveCfg = Release|Any CPU
		{79229A28-F1B6-4364-BCA0-338006D76394}.Release|x64.Build.0 = Release|Any CPU
		{79229A28-F1B6-4364-BCA0-338006D76394}.Release|x86.ActiveCfg = Release|Any CPU
		{79229A28-F1B6-4364-BCA0-338006D76394}.Release|x86.Build.0 = Release|Any CPU
	EndGlobalSection
	GlobalSection(SolutionProperties) = preSolution
		HideSolutionNode = FALSE
	EndGlobalSection
	GlobalSection(NestedProjects) = preSolution
		{603DB080-B2F3-179A-9D8D-4EAC9A4BF7F9} = {827E0CD3-B72D-47B6-A68D-7590B98EB39B}
		{FF18AEB7-BE18-41B2-A86D-5CEBE6C5D0A8} = {603DB080-B2F3-179A-9D8D-4EAC9A4BF7F9}
		{F005ADAA-AF3C-4FA5-B9D7-EDC5AEEE9014} = {603DB080-B2F3-179A-9D8D-4EAC9A4BF7F9}
		{288078A1-C3D6-82C6-9A39-36FC4A580AFF} = {827E0CD3-B72D-47B6-A68D-7590B98EB39B}
		{AB87EF33-EE6A-4C07-B075-3D267913EE95} = {288078A1-C3D6-82C6-9A39-36FC4A580AFF}
		{B5A064D8-4F80-4BF2-59A7-85C3CC9C1104} = {827E0CD3-B72D-47B6-A68D-7590B98EB39B}
		{79229A28-F1B6-4364-BCA0-338006D76394} = {B5A064D8-4F80-4BF2-59A7-85C3CC9C1104}
	EndGlobalSection
EndGlobal
